// !$*UTF8*$!
{
	archiveVersion = 1;
	classes = {
	};
	objectVersion = 46;
	objects = {

/* Begin PBXBuildFile section */
		842724D71DC19B8600C94480 /* main.m in Sources */ = {isa = PBXBuildFile; fileRef = 842724D61DC19B8600C94480 /* main.m */; };
		842724DA1DC19B8600C94480 /* AppDelegate.m in Sources */ = {isa = PBXBuildFile; fileRef = 842724D91DC19B8600C94480 /* AppDelegate.m */; };
		842724DD1DC19B8600C94480 /* ViewController.m in Sources */ = {isa = PBXBuildFile; fileRef = 842724DC1DC19B8600C94480 /* ViewController.m */; };
		842724E21DC19B8600C94480 /* Assets.xcassets in Resources */ = {isa = PBXBuildFile; fileRef = 842724E11DC19B8600C94480 /* Assets.xcassets */; };
		842724E51DC19B8600C94480 /* LaunchScreen.storyboard in Resources */ = {isa = PBXBuildFile; fileRef = 842724E31DC19B8600C94480 /* LaunchScreen.storyboard */; };
		842724F01DC19B9900C94480 /* ColorPalette.png in Resources */ = {isa = PBXBuildFile; fileRef = 842724EC1DC19B9900C94480 /* ColorPalette.png */; };
		842724F11DC19B9900C94480 /* point.png in Resources */ = {isa = PBXBuildFile; fileRef = 842724ED1DC19B9900C94480 /* point.png */; };
		842724F21DC19B9900C94480 /* SelectColorPickerView.m in Sources */ = {isa = PBXBuildFile; fileRef = 842724EF1DC19B9900C94480 /* SelectColorPickerView.m */; };
		842724F41DC19BA600C94480 /* Main.storyboard in Resources */ = {isa = PBXBuildFile; fileRef = 842724F31DC19BA600C94480 /* Main.storyboard */; };
/* End PBXBuildFile section */

/* Begin PBXFileReference section */
		842724D21DC19B8600C94480 /* Color.app */ = {isa = PBXFileReference; explicitFileType = wrapper.application; includeInIndex = 0; path = Color.app; sourceTree = BUILT_PRODUCTS_DIR; };
		842724D61DC19B8600C94480 /* main.m */ = {isa = PBXFileReference; lastKnownFileType = sourcecode.c.objc; path = main.m; sourceTree = "<group>"; };
		842724D81DC19B8600C94480 /* AppDelegate.h */ = {isa = PBXFileReference; lastKnownFileType = sourcecode.c.h; path = AppDelegate.h; sourceTree = "<group>"; };
		842724D91DC19B8600C94480 /* AppDelegate.m */ = {isa = PBXFileReference; lastKnownFileType = sourcecode.c.objc; path = AppDelegate.m; sourceTree = "<group>"; };
		842724DB1DC19B8600C94480 /* ViewController.h */ = {isa = PBXFileReference; lastKnownFileType = sourcecode.c.h; path = ViewController.h; sourceTree = "<group>"; };
		842724DC1DC19B8600C94480 /* ViewController.m */ = {isa = PBXFileReference; lastKnownFileType = sourcecode.c.objc; path = ViewController.m; sourceTree = "<group>"; };
		842724E11DC19B8600C94480 /* Assets.xcassets */ = {isa = PBXFileReference; lastKnownFileType = folder.assetcatalog; path = Assets.xcassets; sourceTree = "<group>"; };
		842724E41DC19B8600C94480 /* Base */ = {isa = PBXFileReference; lastKnownFileType = file.storyboard; name = Base; path = Base.lproj/LaunchScreen.storyboard; sourceTree = "<group>"; };
		842724E61DC19B8600C94480 /* Info.plist */ = {isa = PBXFileReference; lastKnownFileType = text.plist.xml; path = Info.plist; sourceTree = "<group>"; };
		842724EC1DC19B9900C94480 /* ColorPalette.png */ = {isa = PBXFileReference; lastKnownFileType = image.png; path = ColorPalette.png; sourceTree = "<group>"; };
		842724ED1DC19B9900C94480 /* point.png */ = {isa = PBXFileReference; lastKnownFileType = image.png; path = point.png; sourceTree = "<group>"; };
		842724EE1DC19B9900C94480 /* SelectColorPickerView.h */ = {isa = PBXFileReference; fileEncoding = 4; lastKnownFileType = sourcecode.c.h; path = SelectColorPickerView.h; sourceTree = "<group>"; };
		842724EF1DC19B9900C94480 /* SelectColorPickerView.m */ = {isa = PBXFileReference; fileEncoding = 4; lastKnownFileType = sourcecode.c.objc; path = SelectColorPickerView.m; sourceTree = "<group>"; };
		842724F31DC19BA600C94480 /* Main.storyboard */ = {isa = PBXFileReference; fileEncoding = 4; lastKnownFileType = file.storyboard; path = Main.storyboard; sourceTree = "<group>"; };
/* End PBXFileReference section */

/* Begin PBXFrameworksBuildPhase section */
		842724CF1DC19B8600C94480 /* Frameworks */ = {
			isa = PBXFrameworksBuildPhase;
			buildActionMask = 2147483647;
			files = (
			);
			runOnlyForDeploymentPostprocessing = 0;
		};
/* End PBXFrameworksBuildPhase section */

/* Begin PBXGroup section */
		842724C91DC19B8600C94480 = {
			isa = PBXGroup;
			children = (
				842724D41DC19B8600C94480 /* Color */,
				842724D31DC19B8600C94480 /* Products */,
			);
			sourceTree = "<group>";
		};
		842724D31DC19B8600C94480 /* Products */ = {
			isa = PBXGroup;
			children = (
				842724D21DC19B8600C94480 /* Color.app */,
			);
			name = Products;
			sourceTree = "<group>";
		};
		842724D41DC19B8600C94480 /* Color */ = {
			isa = PBXGroup;
			children = (
				842724EC1DC19B9900C94480 /* ColorPalette.png */,
				842724ED1DC19B9900C94480 /* point.png */,
				842724EE1DC19B9900C94480 /* SelectColorPickerView.h */,
				842724EF1DC19B9900C94480 /* SelectColorPickerView.m */,
				842724D81DC19B8600C94480 /* AppDelegate.h */,
				842724D91DC19B8600C94480 /* AppDelegate.m */,
				842724DB1DC19B8600C94480 /* ViewController.h */,
				842724DC1DC19B8600C94480 /* ViewController.m */,
				842724F31DC19BA600C94480 /* Main.storyboard */,
				842724E11DC19B8600C94480 /* Assets.xcassets */,
				842724E31DC19B8600C94480 /* LaunchScreen.storyboard */,
				842724E61DC19B8600C94480 /* Info.plist */,
				842724D51DC19B8600C94480 /* Supporting Files */,
			);
			path = Color;
			sourceTree = "<group>";
		};
		842724D51DC19B8600C94480 /* Supporting Files */ = {
			isa = PBXGroup;
			children = (
				842724D61DC19B8600C94480 /* main.m */,
			);
			name = "Supporting Files";
			sourceTree = "<group>";
		};
/* End PBXGroup section */

/* Begin PBXNativeTarget section */
		842724D11DC19B8600C94480 /* Color */ = {
			isa = PBXNativeTarget;
			buildConfigurationList = 842724E91DC19B8600C94480 /* Build configuration list for PBXNativeTarget "Color" */;
			buildPhases = (
				842724CE1DC19B8600C94480 /* Sources */,
				842724CF1DC19B8600C94480 /* Frameworks */,
				842724D01DC19B8600C94480 /* Resources */,
			);
			buildRules = (
			);
			dependencies = (
			);
			name = Color;
			productName = Color;
			productReference = 842724D21DC19B8600C94480 /* Color.app */;
			productType = "com.apple.product-type.application";
		};
/* End PBXNativeTarget section */

/* Begin PBXProject section */
		842724CA1DC19B8600C94480 /* Project object */ = {
			isa = PBXProject;
			attributes = {
				LastUpgradeCheck = 0730;
				ORGANIZATIONNAME = wyx;
				TargetAttributes = {
					842724D11DC19B8600C94480 = {
						CreatedOnToolsVersion = 7.3.1;
					};
				};
			};
			buildConfigurationList = 842724CD1DC19B8600C94480 /* Build configuration list for PBXProject "Color" */;
			compatibilityVersion = "Xcode 3.2";
			developmentRegion = English;
			hasScannedForEncodings = 0;
			knownRegions = (
				en,
				Base,
			);
			mainGroup = 842724C91DC19B8600C94480;
			productRefGroup = 842724D31DC19B8600C94480 /* Products */;
			projectDirPath = "";
			projectRoot = "";
			targets = (
				842724D11DC19B8600C94480 /* Color */,
			);
		};
/* End PBXProject section */

/* Begin PBXResourcesBuildPhase section */
		842724D01DC19B8600C94480 /* Resources */ = {
			isa = PBXResourcesBuildPhase;
			buildActionMask = 2147483647;
			files = (
				842724E51DC19B8600C94480 /* LaunchScreen.storyboard in Resources */,
				842724F01DC19B9900C94480 /* ColorPalette.png in Resources */,
				842724F11DC19B9900C94480 /* point.png in Resources */,
				842724F41DC19BA600C94480 /* Main.storyboard in Resources */,
				842724E21DC19B8600C94480 /* Assets.xcassets in Resources */,
			);
			runOnlyForDeploymentPostprocessing = 0;
		};
/* End PBXResourcesBuildPhase section */

/* Begin PBXSourcesBuildPhase section */
		842724CE1DC19B8600C94480 /* Sources */ = {
			isa = PBXSourcesBuildPhase;
			buildActionMask = 2147483647;
			files = (
				842724DD1DC19B8600C94480 /* ViewController.m in Sources */,
				842724DA1DC19B8600C94480 /* AppDelegate.m in Sources */,
				842724F21DC19B9900C94480 /* SelectColorPickerView.m in Sources */,
				842724D71DC19B8600C94480 /* main.m in Sources */,
			);
			runOnlyForDeploymentPostprocessing = 0;
		};
/* End PBXSourcesBuildPhase section */

/* Begin PBXVariantGroup section */
		842724E31DC19B8600C94480 /* LaunchScreen.storyboard */ = {
			isa = PBXVariantGroup;
			children = (
				842724E41DC19B8600C94480 /* Base */,
			);
			name = LaunchScreen.storyboard;
			sourceTree = "<group>";
		};
/* End PBXVariantGroup section */

/* Begin XCBuildConfiguration section */
		842724E71DC19B8600C94480 /* Debug */ = {
			isa = XCBuildConfiguration;
			buildSettings = {
				ALWAYS_SEARCH_USER_PATHS = NO;
				CLANG_ANALYZER_NONNULL = YES;
				CLANG_CXX_LANGUAGE_STANDARD = "gnu++0x";
				CLANG_CXX_LIBRARY = "libc++";
				CLANG_ENABLE_MODULES = YES;
				CLANG_ENABLE_OBJC_ARC = YES;
				CLANG_WARN_BOOL_CONVERSION = YES;
				CLANG_WARN_CONSTANT_CONVERSION = YES;
				CLANG_WARN_DIRECT_OBJC_ISA_USAGE = YES_ERROR;
				CLANG_WARN_EMPTY_BODY = YES;
				CLANG_WARN_ENUM_CONVERSION = YES;
				CLANG_WARN_INT_CONVERSION = YES;
				CLANG_WARN_OBJC_ROOT_CLASS = YES_ERROR;
				CLANG_WARN_UNREACHABLE_CODE = YES;
				CLANG_WARN__DUPLICATE_METHOD_MATCH = YES;
				"CODE_SIGN_IDENTITY[sdk=iphoneos*]" = "iPhone Developer";
				COPY_PHASE_STRIP = NO;
				DEBUG_INFORMATION_FORMAT = dwarf;
				ENABLE_STRICT_OBJC_MSGSEND = YES;
				ENABLE_TESTABILITY = YES;
				GCC_C_LANGUAGE_STANDARD = gnu99;
				GCC_DYNAMIC_NO_PIC = NO;
				GCC_NO_COMMON_BLOCKS = YES;
				GCC_OPTIMIZATION_LEVEL = 0;
				GCC_PREPROCESSOR_DEFINITIONS = (
					"DEBUG=1",
					"$(inherited)",
				);
				GCC_WARN_64_TO_32_BIT_CONVERSION = YES;
				GCC_WARN_ABOUT_RETURN_TYPE = YES_ERROR;
				GCC_WARN_UNDECLARED_SELECTOR = YES;
				GCC_WARN_UNINITIALIZED_AUTOS = YES_AGGRESSIVE;
				GCC_WARN_UNUSED_FUNCTION = YES;
				GCC_WARN_UNUSED_VARIABLE = YES;
				IPHONEOS_DEPLOYMENT_TARGET = 9.3;
				MTL_ENABLE_DEBUG_INFO = YES;
				ONLY_ACTIVE_ARCH = YES;
				SDKROOT = iphoneos;
				TARGETED_DEVICE_FAMILY = "1,2";
			};
			name = Debug;
		};
		842724E81DC19B8600C94480 /* Release */ = {
			isa = XCBuildConfiguration;
			buildSettings = {
				ALWAYS_SEARCH_USER_PATHS = NO;
				CLANG_ANALYZER_NONNULL = YES;
				CLANG_CXX_LANGUAGE_STANDARD = "gnu++0x";
				CLANG_CXX_LIBRARY = "libc++";
				CLANG_ENABLE_MODULES = YES;
				CLANG_ENABLE_OBJC_ARC = YES;
				CLANG_WARN_BOOL_CONVERSION = YES;
				CLANG_WARN_CONSTANT_CONVERSION = YES;
				CLANG_WARN_DIRECT_OBJC_ISA_USAGE = YES_ERROR;
				CLANG_WARN_EMPTY_BODY = YES;
				CLANG_WARN_ENUM_CONVERSION = YES;
				CLANG_WARN_INT_CONVERSION = YES;
				CLANG_WARN_OBJC_ROOT_CLASS = YES_ERROR;
				CLANG_WARN_UNREACHABLE_CODE = YES;
				CLANG_WARN__DUPLICATE_METHOD_MATCH = YES;
				"CODE_SIGN_IDENTITY[sdk=iphoneos*]" = "iPhone Developer";
				COPY_PHASE_STRIP = NO;
				DEBUG_INFORMATION_FORMAT = "dwarf-with-dsym";
				ENABLE_NS_ASSERTIONS = NO;
				ENABLE_STRICT_OBJC_MSGSEND = YES;
				GCC_C_LANGUAGE_STANDARD = gnu99;
				GCC_NO_COMMON_BLOCKS = YES;
				GCC_WARN_64_TO_32_BIT_CONVERSION = YES;
				GCC_WARN_ABOUT_RETURN_TYPE = YES_ERROR;
				GCC_WARN_UNDECLARED_SELECTOR = YES;
				GCC_WARN_UNINITIALIZED_AUTOS = YES_AGGRESSIVE;
				GCC_WARN_UNUSED_FUNCTION = YES;
				GCC_WARN_UNUSED_VARIABLE = YES;
				IPHONEOS_DEPLOYMENT_TARGET = 9.3;
				MTL_ENABLE_DEBUG_INFO = NO;
				SDKROOT = iphoneos;
				TARGETED_DEVICE_FAMILY = "1,2";
				VALIDATE_PRODUCT = YES;
			};
			name = Release;
		};
		842724EA1DC19B8600C94480 /* Debug */ = {
			isa = XCBuildConfiguration;
			buildSettings = {
				ASSETCATALOG_COMPILER_APPICON_NAME = AppIcon;
				INFOPLIST_FILE = Color/Info.plist;
				LD_RUNPATH_SEARCH_PATHS = "$(inherited) @executable_path/Frameworks";
				PRODUCT_BUNDLE_IDENTIFIER = tx.Color;
				PRODUCT_NAME = "$(TARGET_NAME)";
			};
			name = Debug;
		};
		842724EB1DC19B8600C94480 /* Release */ = {
			isa = XCBuildConfiguration;
			buildSettings = {
				ASSETCATALOG_COMPILER_APPICON_NAME = AppIcon;
				INFOPLIST_FILE = Color/Info.plist;
				LD_RUNPATH_SEARCH_PATHS = "$(inherited) @executable_path/Frameworks";
				PRODUCT_BUNDLE_IDENTIFIER = tx.Color;
				PRODUCT_NAME = "$(TARGET_NAME)";
			};
			name = Release;
		};
/* End XCBuildConfiguration section */

/* Begin XCConfigurationList section */
		842724CD1DC19B8600C94480 /* Build configuration list for PBXProject "Color" */ = {
			isa = XCConfigurationList;
			buildConfigurations = (
				842724E71DC19B8600C94480 /* Debug */,
				842724E81DC19B8600C94480 /* Release */,
			);
			defaultConfigurationIsVisible = 0;
			defaultConfigurationName = Release;
		};
		842724E91DC19B8600C94480 /* Build configuration list for PBXNativeTarget "Color" */ = {
			isa = XCConfigurationList;
			buildConfigurations = (
				842724EA1DC19B8600C94480 /* Debug */,
				842724EB1DC19B8600C94480 /* Release */,
			);
			defaultConfigurationIsVisible = 0;
			defaultConfigurationName = Release;
		};
/* End XCConfigurationList section */
	};
	rootObject = 842724CA1DC19B8600C94480 /* Project object */;
}
